
Microsoft Visual Studio Solution File, Format Version 12.00
# Visual Studio 15
VisualStudioVersion = 15.0.28307.1231
MinimumVisualStudioVersion = 10.0.40219.1
Project("{FAE04EC0-301F-11D3-BF4B-00C04F79EFBC}") = "SPDCompanyDemo", "SPDCompanyDemo\SPDCompanyDemo.csproj", "{7ABE0735-1BA6-4CA7-98BF-32517C8AB645}"
EndProject
Project("{FAE04EC0-301F-11D3-BF4B-00C04F79EFBC}") = "FormDemo", "FormDemo\FormDemo.csproj", "{7CF3062F-0E44-4A3A-B7A8-8933ACCB6CEC}"
EndProject
Project("{FAE04EC0-301F-11D3-BF4B-00C04F79EFBC}") = "RedisDemo", "RedisDemo\RedisDemo.csproj", "{CCC1861C-6A10-4B0E-89E3-37649D174580}"
EndProject
Global
	GlobalSection(SolutionConfigurationPlatforms) = preSolution
		Debug|Any CPU = Debug|Any CPU
		Release|Any CPU = Release|Any CPU
	EndGlobalSection
	GlobalSection(ProjectConfigurationPlatforms) = postSolution
		{7ABE0735-1BA6-4CA7-98BF-32517C8AB645}.Debug|Any CPU.ActiveCfg = Debug|Any CPU
		{7ABE0735-1BA6-4CA7-98BF-32517C8AB645}.Debug|Any CPU.Build.0 = Debug|Any CPU
		{7ABE0735-1BA6-4CA7-98BF-32517C8AB645}.Release|Any CPU.ActiveCfg = Release|Any CPU
		{7ABE0735-1BA6-4CA7-98BF-32517C8AB645}.Release|Any CPU.Build.0 = Release|Any CPU
		{7CF3062F-0E44-4A3A-B7A8-8933ACCB6CEC}.Debug|Any CPU.ActiveCfg = Debug|Any CPU
		{7CF3062F-0E44-4A3A-B7A8-8933ACCB6CEC}.Debug|Any CPU.Build.0 = Debug|Any CPU
		{7CF3062F-0E44-4A3A-B7A8-8933ACCB6CEC}.Release|Any CPU.ActiveCfg = Release|Any CPU
		{7CF3062F-0E44-4A3A-B7A8-8933ACCB6CEC}.Release|Any CPU.Build.0 = Release|Any CPU
		{CCC1861C-6A10-4B0E-89E3-37649D174580}.Debug|Any CPU.ActiveCfg = Debug|Any CPU
		{CCC1861C-6A10-4B0E-89E3-37649D174580}.Debug|Any CPU.Build.0 = Debug|Any CPU
		{CCC1861C-6A10-4B0E-89E3-37649D174580}.Release|Any CPU.ActiveCfg = Release|Any CPU
		{CCC1861C-6A10-4B0E-89E3-37649D174580}.Release|Any CPU.Build.0 = Release|Any CPU
	EndGlobalSection
	GlobalSection(SolutionProperties) = preSolution
		HideSolutionNode = FALSE
	EndGlobalSection
	GlobalSection(ExtensibilityGlobals) = postSolution
		SolutionGuid = {CA009D6B-CBB8-4308-8AAF-4E46CE235B5E}
	EndGlobalSection
EndGlobal
